
Microsoft Visual Studio Solution File, Format Version 12.00
# Visual Studio Version 17
VisualStudioVersion = 17.8.34309.116
MinimumVisualStudioVersion = 10.0.40219.1
Project("{FAE04EC0-301F-11D3-BF4B-00C04F79EFBC}") = "TextToSpeechDemo2", "TextToSpeechDemo2\TextToSpeechDemo2.csproj", "{4D6E6DCB-38B9-470C-BDD9-DDEEA1319D9F}"
EndProject
Global
	GlobalSection(SolutionConfigurationPlatforms) = preSolution
		Debug|Any CPU = Debug|Any CPU
		Release|Any CPU = Release|Any CPU
	EndGlobalSection
	GlobalSection(ProjectConfigurationPlatforms) = postSolution
		{4D6E6DCB-38B9-470C-BDD9-DDEEA1319D9F}.Debug|Any CPU.ActiveCfg = Debug|Any CPU
		{4D6E6DCB-38B9-470C-BDD9-DDEEA1319D9F}.Debug|Any CPU.Build.0 = Debug|Any CPU
		{4D6E6DCB-38B9-470C-BDD9-DDEEA1319D9F}.Release|Any CPU.ActiveCfg = Release|Any CPU
		{4D6E6DCB-38B9-470C-BDD9-DDEEA1319D9F}.Release|Any CPU.Build.0 = Release|Any CPU
	EndGlobalSection
	GlobalSection(SolutionProperties) = preSolution
		HideSolutionNode = FALSE
	EndGlobalSection
	GlobalSection(ExtensibilityGlobals) = postSolution
		SolutionGuid = {71E6A7A5-F13B-424B-B13F-50DF136E8878}
	EndGlobalSection
EndGlobal
