
Microsoft Visual Studio Solution File, Format Version 12.00
# Visual Studio Version 17
VisualStudioVersion = 17.8.34309.116
MinimumVisualStudioVersion = 10.0.40219.1
Project("{FAE04EC0-301F-11D3-BF4B-00C04F79EFBC}") = "JSONDemo1", "JSONDemo1\JSONDemo1.csproj", "{15BCDC1C-BB41-4FC9-9B95-A2B332A4D4FA}"
EndProject
Global
	GlobalSection(SolutionConfigurationPlatforms) = preSolution
		Debug|Any CPU = Debug|Any CPU
		Release|Any CPU = Release|Any CPU
	EndGlobalSection
	GlobalSection(ProjectConfigurationPlatforms) = postSolution
		{15BCDC1C-BB41-4FC9-9B95-A2B332A4D4FA}.Debug|Any CPU.ActiveCfg = Debug|Any CPU
		{15BCDC1C-BB41-4FC9-9B95-A2B332A4D4FA}.Debug|Any CPU.Build.0 = Debug|Any CPU
		{15BCDC1C-BB41-4FC9-9B95-A2B332A4D4FA}.Release|Any CPU.ActiveCfg = Release|Any CPU
		{15BCDC1C-BB41-4FC9-9B95-A2B332A4D4FA}.Release|Any CPU.Build.0 = Release|Any CPU
	EndGlobalSection
	GlobalSection(SolutionProperties) = preSolution
		HideSolutionNode = FALSE
	EndGlobalSection
	GlobalSection(ExtensibilityGlobals) = postSolution
		SolutionGuid = {9049011A-4FC6-4A05-B307-490FA2092A40}
	EndGlobalSection
EndGlobal
