
Microsoft Visual Studio Solution File, Format Version 12.00
# Visual Studio Version 17
VisualStudioVersion = 17.8.34309.116
MinimumVisualStudioVersion = 10.0.40219.1
Project("{FAE04EC0-301F-11D3-BF4B-00C04F79EFBC}") = "Meteo", "Meteo\Meteo.csproj", "{945F8E8E-CB6C-4EC1-8D52-9236303F03A7}"
EndProject
Global
	GlobalSection(SolutionConfigurationPlatforms) = preSolution
		Debug|Any CPU = Debug|Any CPU
		Release|Any CPU = Release|Any CPU
	EndGlobalSection
	GlobalSection(ProjectConfigurationPlatforms) = postSolution
		{945F8E8E-CB6C-4EC1-8D52-9236303F03A7}.Debug|Any CPU.ActiveCfg = Debug|Any CPU
		{945F8E8E-CB6C-4EC1-8D52-9236303F03A7}.Debug|Any CPU.Build.0 = Debug|Any CPU
		{945F8E8E-CB6C-4EC1-8D52-9236303F03A7}.Release|Any CPU.ActiveCfg = Release|Any CPU
		{945F8E8E-CB6C-4EC1-8D52-9236303F03A7}.Release|Any CPU.Build.0 = Release|Any CPU
	EndGlobalSection
	GlobalSection(SolutionProperties) = preSolution
		HideSolutionNode = FALSE
	EndGlobalSection
	GlobalSection(ExtensibilityGlobals) = postSolution
		SolutionGuid = {CE9EB6A9-5D47-4C6A-96FC-98D988406AC7}
	EndGlobalSection
EndGlobal
