
Microsoft Visual Studio Solution File, Format Version 12.00
# Visual Studio Version 17
VisualStudioVersion = 17.8.34309.116
MinimumVisualStudioVersion = 10.0.40219.1
Project("{FAE04EC0-301F-11D3-BF4B-00C04F79EFBC}") = "MioWiki", "MioWiki\MioWiki.csproj", "{F93CC9DB-B16E-48CA-BF46-1DC00A6B6E14}"
EndProject
Global
	GlobalSection(SolutionConfigurationPlatforms) = preSolution
		Debug|Any CPU = Debug|Any CPU
		Release|Any CPU = Release|Any CPU
	EndGlobalSection
	GlobalSection(ProjectConfigurationPlatforms) = postSolution
		{F93CC9DB-B16E-48CA-BF46-1DC00A6B6E14}.Debug|Any CPU.ActiveCfg = Debug|Any CPU
		{F93CC9DB-B16E-48CA-BF46-1DC00A6B6E14}.Debug|Any CPU.Build.0 = Debug|Any CPU
		{F93CC9DB-B16E-48CA-BF46-1DC00A6B6E14}.Release|Any CPU.ActiveCfg = Release|Any CPU
		{F93CC9DB-B16E-48CA-BF46-1DC00A6B6E14}.Release|Any CPU.Build.0 = Release|Any CPU
	EndGlobalSection
	GlobalSection(SolutionProperties) = preSolution
		HideSolutionNode = FALSE
	EndGlobalSection
	GlobalSection(ExtensibilityGlobals) = postSolution
		SolutionGuid = {0A89503C-FA36-44C6-B0B0-294B1F6643BE}
	EndGlobalSection
EndGlobal
