
Microsoft Visual Studio Solution File, Format Version 12.00
# Visual Studio Version 17
VisualStudioVersion = 17.8.34309.116
MinimumVisualStudioVersion = 10.0.40219.1
Project("{FAE04EC0-301F-11D3-BF4B-00C04F79EFBC}") = "JSON", "JSON\JSON.csproj", "{30E74BE2-05C1-4C98-89D0-BBAD4CA9846D}"
EndProject
Global
	GlobalSection(SolutionConfigurationPlatforms) = preSolution
		Debug|Any CPU = Debug|Any CPU
		Release|Any CPU = Release|Any CPU
	EndGlobalSection
	GlobalSection(ProjectConfigurationPlatforms) = postSolution
		{30E74BE2-05C1-4C98-89D0-BBAD4CA9846D}.Debug|Any CPU.ActiveCfg = Debug|Any CPU
		{30E74BE2-05C1-4C98-89D0-BBAD4CA9846D}.Debug|Any CPU.Build.0 = Debug|Any CPU
		{30E74BE2-05C1-4C98-89D0-BBAD4CA9846D}.Release|Any CPU.ActiveCfg = Release|Any CPU
		{30E74BE2-05C1-4C98-89D0-BBAD4CA9846D}.Release|Any CPU.Build.0 = Release|Any CPU
	EndGlobalSection
	GlobalSection(SolutionProperties) = preSolution
		HideSolutionNode = FALSE
	EndGlobalSection
	GlobalSection(ExtensibilityGlobals) = postSolution
		SolutionGuid = {48BFFA3E-F6D4-49A3-B034-8F29FB2F31CB}
	EndGlobalSection
EndGlobal
