
Microsoft Visual Studio Solution File, Format Version 12.00
# Visual Studio Version 17
VisualStudioVersion = 17.8.34309.116
MinimumVisualStudioVersion = 10.0.40219.1
Project("{FAE04EC0-301F-11D3-BF4B-00C04F79EFBC}") = "Wiki", "Wiki\Wiki.csproj", "{0FCFD9EB-B08C-4886-9CA6-5B1E20A8603D}"
EndProject
Global
	GlobalSection(SolutionConfigurationPlatforms) = preSolution
		Debug|Any CPU = Debug|Any CPU
		Release|Any CPU = Release|Any CPU
	EndGlobalSection
	GlobalSection(ProjectConfigurationPlatforms) = postSolution
		{0FCFD9EB-B08C-4886-9CA6-5B1E20A8603D}.Debug|Any CPU.ActiveCfg = Debug|Any CPU
		{0FCFD9EB-B08C-4886-9CA6-5B1E20A8603D}.Debug|Any CPU.Build.0 = Debug|Any CPU
		{0FCFD9EB-B08C-4886-9CA6-5B1E20A8603D}.Release|Any CPU.ActiveCfg = Release|Any CPU
		{0FCFD9EB-B08C-4886-9CA6-5B1E20A8603D}.Release|Any CPU.Build.0 = Release|Any CPU
	EndGlobalSection
	GlobalSection(SolutionProperties) = preSolution
		HideSolutionNode = FALSE
	EndGlobalSection
	GlobalSection(ExtensibilityGlobals) = postSolution
		SolutionGuid = {B68C0E18-1E0B-4FDC-B178-50B6E5DDA6F1}
	EndGlobalSection
EndGlobal
