
Microsoft Visual Studio Solution File, Format Version 12.00
# Visual Studio Version 17
VisualStudioVersion = 17.7.34031.279
MinimumVisualStudioVersion = 10.0.40219.1
Project("{9A19103F-16F7-4668-BE54-9A1E7A4F7556}") = "MultiThreading", "MultiThreading\MultiThreading.csproj", "{D3BE73E8-F652-4542-8E05-16C936BAEFC9}"
EndProject
Project("{9A19103F-16F7-4668-BE54-9A1E7A4F7556}") = "ThreadsDemo", "ThreadsDemo\ThreadsDemo.csproj", "{99350523-8ED5-4901-9F07-09608D9FDE7E}"
EndProject
Project("{9A19103F-16F7-4668-BE54-9A1E7A4F7556}") = "StartWithParameters", "StartWithParameters\StartWithParameters.csproj", "{2B21219E-944B-47F0-8412-0615A68D3C2F}"
EndProject
Project("{9A19103F-16F7-4668-BE54-9A1E7A4F7556}") = "SleepingDemo01", "SleepingDemo01\SleepingDemo01.csproj", "{9BE96FD7-AF81-4D59-9BD9-E6EE9DF79826}"
EndProject
Project("{9A19103F-16F7-4668-BE54-9A1E7A4F7556}") = "StopThread", "StopThread\StopThread.csproj", "{BEE15D66-C3BF-4C83-B774-0F996CD81068}"
EndProject
Project("{9A19103F-16F7-4668-BE54-9A1E7A4F7556}") = "ThreadPoolDemo", "ThreadPoolDemo\ThreadPoolDemo.csproj", "{7CC1D1F5-9859-4E2C-A437-6FD03F54B25A}"
EndProject
Project("{9A19103F-16F7-4668-BE54-9A1E7A4F7556}") = "SharedResources01", "SharedResources01\SharedResources01.csproj", "{FFBCF7A3-0731-4369-94BC-70D8BC0FB508}"
EndProject
Project("{9A19103F-16F7-4668-BE54-9A1E7A4F7556}") = "AtomicUpdate01", "AtomicUpdate01\AtomicUpdate01.csproj", "{D7ED6290-ED73-4553-A9C9-D0A327C1663F}"
EndProject
Project("{9A19103F-16F7-4668-BE54-9A1E7A4F7556}") = "DataPartition01", "DataPartition01\DataPartition01.csproj", "{16523A84-7EF4-4FB5-9C45-B6ABCAADDE43}"
EndProject
Project("{9A19103F-16F7-4668-BE54-9A1E7A4F7556}") = "LockKeyword", "LockKeyword\LockKeyword.csproj", "{D9DBC273-F800-47F4-96CA-B721BCBDB3BD}"
EndProject
Project("{9A19103F-16F7-4668-BE54-9A1E7A4F7556}") = "ThreadGym", "ThreadGym\ThreadGym.csproj", "{259363BD-BAE4-4284-87D7-65F057A5D91A}"
EndProject
Project("{9A19103F-16F7-4668-BE54-9A1E7A4F7556}") = "ProduttoreConsumatoreLIFO", "ProduttoreConsumatoreLIFO\ProduttoreConsumatoreLIFO.csproj", "{A11C127E-7B1C-44D6-A1EF-BD1FEA127644}"
EndProject
Project("{9A19103F-16F7-4668-BE54-9A1E7A4F7556}") = "ProduttoreConsumatoreFIFO", "ProduttoreConsumatoreFIFO\ProduttoreConsumatoreFIFO.csproj", "{C4309A3A-F97F-4BF4-9EA9-2D934115FE5B}"
EndProject
Global
	GlobalSection(SolutionConfigurationPlatforms) = preSolution
		Debug|Any CPU = Debug|Any CPU
		Release|Any CPU = Release|Any CPU
	EndGlobalSection
	GlobalSection(ProjectConfigurationPlatforms) = postSolution
		{D3BE73E8-F652-4542-8E05-16C936BAEFC9}.Debug|Any CPU.ActiveCfg = Debug|Any CPU
		{D3BE73E8-F652-4542-8E05-16C936BAEFC9}.Debug|Any CPU.Build.0 = Debug|Any CPU
		{D3BE73E8-F652-4542-8E05-16C936BAEFC9}.Release|Any CPU.ActiveCfg = Release|Any CPU
		{D3BE73E8-F652-4542-8E05-16C936BAEFC9}.Release|Any CPU.Build.0 = Release|Any CPU
		{99350523-8ED5-4901-9F07-09608D9FDE7E}.Debug|Any CPU.ActiveCfg = Debug|Any CPU
		{99350523-8ED5-4901-9F07-09608D9FDE7E}.Debug|Any CPU.Build.0 = Debug|Any CPU
		{99350523-8ED5-4901-9F07-09608D9FDE7E}.Release|Any CPU.ActiveCfg = Release|Any CPU
		{99350523-8ED5-4901-9F07-09608D9FDE7E}.Release|Any CPU.Build.0 = Release|Any CPU
		{2B21219E-944B-47F0-8412-0615A68D3C2F}.Debug|Any CPU.ActiveCfg = Debug|Any CPU
		{2B21219E-944B-47F0-8412-0615A68D3C2F}.Debug|Any CPU.Build.0 = Debug|Any CPU
		{2B21219E-944B-47F0-8412-0615A68D3C2F}.Release|Any CPU.ActiveCfg = Release|Any CPU
		{2B21219E-944B-47F0-8412-0615A68D3C2F}.Release|Any CPU.Build.0 = Release|Any CPU
		{9BE96FD7-AF81-4D59-9BD9-E6EE9DF79826}.Debug|Any CPU.ActiveCfg = Debug|Any CPU
		{9BE96FD7-AF81-4D59-9BD9-E6EE9DF79826}.Debug|Any CPU.Build.0 = Debug|Any CPU
		{9BE96FD7-AF81-4D59-9BD9-E6EE9DF79826}.Release|Any CPU.ActiveCfg = Release|Any CPU
		{9BE96FD7-AF81-4D59-9BD9-E6EE9DF79826}.Release|Any CPU.Build.0 = Release|Any CPU
		{BEE15D66-C3BF-4C83-B774-0F996CD81068}.Debug|Any CPU.ActiveCfg = Debug|Any CPU
		{BEE15D66-C3BF-4C83-B774-0F996CD81068}.Debug|Any CPU.Build.0 = Debug|Any CPU
		{BEE15D66-C3BF-4C83-B774-0F996CD81068}.Release|Any CPU.ActiveCfg = Release|Any CPU
		{BEE15D66-C3BF-4C83-B774-0F996CD81068}.Release|Any CPU.Build.0 = Release|Any CPU
		{7CC1D1F5-9859-4E2C-A437-6FD03F54B25A}.Debug|Any CPU.ActiveCfg = Debug|Any CPU
		{7CC1D1F5-9859-4E2C-A437-6FD03F54B25A}.Debug|Any CPU.Build.0 = Debug|Any CPU
		{7CC1D1F5-9859-4E2C-A437-6FD03F54B25A}.Release|Any CPU.ActiveCfg = Release|Any CPU
		{7CC1D1F5-9859-4E2C-A437-6FD03F54B25A}.Release|Any CPU.Build.0 = Release|Any CPU
		{FFBCF7A3-0731-4369-94BC-70D8BC0FB508}.Debug|Any CPU.ActiveCfg = Debug|Any CPU
		{FFBCF7A3-0731-4369-94BC-70D8BC0FB508}.Debug|Any CPU.Build.0 = Debug|Any CPU
		{FFBCF7A3-0731-4369-94BC-70D8BC0FB508}.Release|Any CPU.ActiveCfg = Release|Any CPU
		{FFBCF7A3-0731-4369-94BC-70D8BC0FB508}.Release|Any CPU.Build.0 = Release|Any CPU
		{D7ED6290-ED73-4553-A9C9-D0A327C1663F}.Debug|Any CPU.ActiveCfg = Debug|Any CPU
		{D7ED6290-ED73-4553-A9C9-D0A327C1663F}.Debug|Any CPU.Build.0 = Debug|Any CPU
		{D7ED6290-ED73-4553-A9C9-D0A327C1663F}.Release|Any CPU.ActiveCfg = Release|Any CPU
		{D7ED6290-ED73-4553-A9C9-D0A327C1663F}.Release|Any CPU.Build.0 = Release|Any CPU
		{16523A84-7EF4-4FB5-9C45-B6ABCAADDE43}.Debug|Any CPU.ActiveCfg = Debug|Any CPU
		{16523A84-7EF4-4FB5-9C45-B6ABCAADDE43}.Debug|Any CPU.Build.0 = Debug|Any CPU
		{16523A84-7EF4-4FB5-9C45-B6ABCAADDE43}.Release|Any CPU.ActiveCfg = Release|Any CPU
		{16523A84-7EF4-4FB5-9C45-B6ABCAADDE43}.Release|Any CPU.Build.0 = Release|Any CPU
		{D9DBC273-F800-47F4-96CA-B721BCBDB3BD}.Debug|Any CPU.ActiveCfg = Debug|Any CPU
		{D9DBC273-F800-47F4-96CA-B721BCBDB3BD}.Debug|Any CPU.Build.0 = Debug|Any CPU
		{D9DBC273-F800-47F4-96CA-B721BCBDB3BD}.Release|Any CPU.ActiveCfg = Release|Any CPU
		{D9DBC273-F800-47F4-96CA-B721BCBDB3BD}.Release|Any CPU.Build.0 = Release|Any CPU
		{259363BD-BAE4-4284-87D7-65F057A5D91A}.Debug|Any CPU.ActiveCfg = Debug|Any CPU
		{259363BD-BAE4-4284-87D7-65F057A5D91A}.Debug|Any CPU.Build.0 = Debug|Any CPU
		{259363BD-BAE4-4284-87D7-65F057A5D91A}.Release|Any CPU.ActiveCfg = Release|Any CPU
		{259363BD-BAE4-4284-87D7-65F057A5D91A}.Release|Any CPU.Build.0 = Release|Any CPU
		{A11C127E-7B1C-44D6-A1EF-BD1FEA127644}.Debug|Any CPU.ActiveCfg = Debug|Any CPU
		{A11C127E-7B1C-44D6-A1EF-BD1FEA127644}.Debug|Any CPU.Build.0 = Debug|Any CPU
		{A11C127E-7B1C-44D6-A1EF-BD1FEA127644}.Release|Any CPU.ActiveCfg = Release|Any CPU
		{A11C127E-7B1C-44D6-A1EF-BD1FEA127644}.Release|Any CPU.Build.0 = Release|Any CPU
		{C4309A3A-F97F-4BF4-9EA9-2D934115FE5B}.Debug|Any CPU.ActiveCfg = Debug|Any CPU
		{C4309A3A-F97F-4BF4-9EA9-2D934115FE5B}.Debug|Any CPU.Build.0 = Debug|Any CPU
		{C4309A3A-F97F-4BF4-9EA9-2D934115FE5B}.Release|Any CPU.ActiveCfg = Release|Any CPU
		{C4309A3A-F97F-4BF4-9EA9-2D934115FE5B}.Release|Any CPU.Build.0 = Release|Any CPU
	EndGlobalSection
	GlobalSection(SolutionProperties) = preSolution
		HideSolutionNode = FALSE
	EndGlobalSection
	GlobalSection(ExtensibilityGlobals) = postSolution
		SolutionGuid = {CB857ED6-EFC1-4A06-ADF6-1BC9C3C9004F}
	EndGlobalSection
EndGlobal
