
Microsoft Visual Studio Solution File, Format Version 12.00
# Visual Studio Version 17
VisualStudioVersion = 17.8.34309.116
MinimumVisualStudioVersion = 10.0.40219.1
Project("{9A19103F-16F7-4668-BE54-9A1E7A4F7556}") = "Es1", "Es1\Es1.csproj", "{A0AEFEC3-7443-4997-B989-28770E5BD7AF}"
EndProject
Project("{9A19103F-16F7-4668-BE54-9A1E7A4F7556}") = "Es1VersioneConCoda", "Es1VersioneDiFamagalli\Es1VersioneConCoda.csproj", "{F18B1489-4148-40FE-9377-7ADC23CE7AC8}"
EndProject
Project("{FAE04EC0-301F-11D3-BF4B-00C04F79EFBC}") = "Es1VersioneConCoda2", "Es1VersioneConCoda2\Es1VersioneConCoda2.csproj", "{04946016-AF1E-4B7B-9669-320D3C944E5B}"
EndProject
Project("{FAE04EC0-301F-11D3-BF4B-00C04F79EFBC}") = "Es3", "Es3\Es3.csproj", "{214B5199-B0BD-4714-9C32-A1FED4D1EAC0}"
EndProject
Global
	GlobalSection(SolutionConfigurationPlatforms) = preSolution
		Debug|Any CPU = Debug|Any CPU
		Release|Any CPU = Release|Any CPU
	EndGlobalSection
	GlobalSection(ProjectConfigurationPlatforms) = postSolution
		{A0AEFEC3-7443-4997-B989-28770E5BD7AF}.Debug|Any CPU.ActiveCfg = Debug|Any CPU
		{A0AEFEC3-7443-4997-B989-28770E5BD7AF}.Debug|Any CPU.Build.0 = Debug|Any CPU
		{A0AEFEC3-7443-4997-B989-28770E5BD7AF}.Release|Any CPU.ActiveCfg = Release|Any CPU
		{A0AEFEC3-7443-4997-B989-28770E5BD7AF}.Release|Any CPU.Build.0 = Release|Any CPU
		{F18B1489-4148-40FE-9377-7ADC23CE7AC8}.Debug|Any CPU.ActiveCfg = Debug|Any CPU
		{F18B1489-4148-40FE-9377-7ADC23CE7AC8}.Debug|Any CPU.Build.0 = Debug|Any CPU
		{F18B1489-4148-40FE-9377-7ADC23CE7AC8}.Release|Any CPU.ActiveCfg = Release|Any CPU
		{F18B1489-4148-40FE-9377-7ADC23CE7AC8}.Release|Any CPU.Build.0 = Release|Any CPU
		{04946016-AF1E-4B7B-9669-320D3C944E5B}.Debug|Any CPU.ActiveCfg = Debug|Any CPU
		{04946016-AF1E-4B7B-9669-320D3C944E5B}.Debug|Any CPU.Build.0 = Debug|Any CPU
		{04946016-AF1E-4B7B-9669-320D3C944E5B}.Release|Any CPU.ActiveCfg = Release|Any CPU
		{04946016-AF1E-4B7B-9669-320D3C944E5B}.Release|Any CPU.Build.0 = Release|Any CPU
		{214B5199-B0BD-4714-9C32-A1FED4D1EAC0}.Debug|Any CPU.ActiveCfg = Debug|Any CPU
		{214B5199-B0BD-4714-9C32-A1FED4D1EAC0}.Debug|Any CPU.Build.0 = Debug|Any CPU
		{214B5199-B0BD-4714-9C32-A1FED4D1EAC0}.Release|Any CPU.ActiveCfg = Release|Any CPU
		{214B5199-B0BD-4714-9C32-A1FED4D1EAC0}.Release|Any CPU.Build.0 = Release|Any CPU
	EndGlobalSection
	GlobalSection(SolutionProperties) = preSolution
		HideSolutionNode = FALSE
	EndGlobalSection
	GlobalSection(ExtensibilityGlobals) = postSolution
		SolutionGuid = {CAB45DB8-284B-4AF2-AEFA-14C8CDFE3FA2}
	EndGlobalSection
EndGlobal
