
Microsoft Visual Studio Solution File, Format Version 12.00
# Visual Studio Version 17
VisualStudioVersion = 17.8.34309.116
MinimumVisualStudioVersion = 10.0.40219.1
Project("{FAE04EC0-301F-11D3-BF4B-00C04F79EFBC}") = "IntentRecognitionByCLUDemo2", "IntentRecognitionByCLUDemo2\IntentRecognitionByCLUDemo2.csproj", "{13E47D41-0A9F-44C3-8FF4-BA665BB52504}"
EndProject
Global
	GlobalSection(SolutionConfigurationPlatforms) = preSolution
		Debug|Any CPU = Debug|Any CPU
		Release|Any CPU = Release|Any CPU
	EndGlobalSection
	GlobalSection(ProjectConfigurationPlatforms) = postSolution
		{13E47D41-0A9F-44C3-8FF4-BA665BB52504}.Debug|Any CPU.ActiveCfg = Debug|Any CPU
		{13E47D41-0A9F-44C3-8FF4-BA665BB52504}.Debug|Any CPU.Build.0 = Debug|Any CPU
		{13E47D41-0A9F-44C3-8FF4-BA665BB52504}.Release|Any CPU.ActiveCfg = Release|Any CPU
		{13E47D41-0A9F-44C3-8FF4-BA665BB52504}.Release|Any CPU.Build.0 = Release|Any CPU
	EndGlobalSection
	GlobalSection(SolutionProperties) = preSolution
		HideSolutionNode = FALSE
	EndGlobalSection
	GlobalSection(ExtensibilityGlobals) = postSolution
		SolutionGuid = {53B8773C-4943-4400-A884-1CA097B156FB}
	EndGlobalSection
EndGlobal
