
Microsoft Visual Studio Solution File, Format Version 12.00
# Visual Studio Version 17
VisualStudioVersion = 17.7.34024.191
MinimumVisualStudioVersion = 10.0.40219.1
Project("{FAE04EC0-301F-11D3-BF4B-00C04F79EFBC}") = "EFGetStarted", "EFGetStarted\EFGetStarted.csproj", "{C2B871A6-2348-415B-9A49-1A814E8954B9}"
EndProject
Global
	GlobalSection(SolutionConfigurationPlatforms) = preSolution
		Debug|Any CPU = Debug|Any CPU
		Release|Any CPU = Release|Any CPU
	EndGlobalSection
	GlobalSection(ProjectConfigurationPlatforms) = postSolution
		{C2B871A6-2348-415B-9A49-1A814E8954B9}.Debug|Any CPU.ActiveCfg = Debug|Any CPU
		{C2B871A6-2348-415B-9A49-1A814E8954B9}.Debug|Any CPU.Build.0 = Debug|Any CPU
		{C2B871A6-2348-415B-9A49-1A814E8954B9}.Release|Any CPU.ActiveCfg = Release|Any CPU
		{C2B871A6-2348-415B-9A49-1A814E8954B9}.Release|Any CPU.Build.0 = Release|Any CPU
	EndGlobalSection
	GlobalSection(SolutionProperties) = preSolution
		HideSolutionNode = FALSE
	EndGlobalSection
	GlobalSection(ExtensibilityGlobals) = postSolution
		SolutionGuid = {6909889C-357F-46A2-A5B6-02B1E09772CC}
	EndGlobalSection
EndGlobal
