
Microsoft Visual Studio Solution File, Format Version 12.00
# Visual Studio Version 17
VisualStudioVersion = 17.8.34309.116
MinimumVisualStudioVersion = 10.0.40219.1
Project("{FAE04EC0-301F-11D3-BF4B-00C04F79EFBC}") = "SommaNumeriPrimi", "SommaNumeriPrimi\SommaNumeriPrimi.csproj", "{578DBA39-B440-412F-808E-D5F162050F25}"
EndProject
Global
	GlobalSection(SolutionConfigurationPlatforms) = preSolution
		Debug|Any CPU = Debug|Any CPU
		Release|Any CPU = Release|Any CPU
	EndGlobalSection
	GlobalSection(ProjectConfigurationPlatforms) = postSolution
		{578DBA39-B440-412F-808E-D5F162050F25}.Debug|Any CPU.ActiveCfg = Debug|Any CPU
		{578DBA39-B440-412F-808E-D5F162050F25}.Debug|Any CPU.Build.0 = Debug|Any CPU
		{578DBA39-B440-412F-808E-D5F162050F25}.Release|Any CPU.ActiveCfg = Release|Any CPU
		{578DBA39-B440-412F-808E-D5F162050F25}.Release|Any CPU.Build.0 = Release|Any CPU
	EndGlobalSection
	GlobalSection(SolutionProperties) = preSolution
		HideSolutionNode = FALSE
	EndGlobalSection
	GlobalSection(ExtensibilityGlobals) = postSolution
		SolutionGuid = {B8AE929F-D2BE-4BA8-B576-E7EA681756F4}
	EndGlobalSection
EndGlobal
