
Microsoft Visual Studio Solution File, Format Version 12.00
# Visual Studio Version 17
VisualStudioVersion = 17.8.34309.116
MinimumVisualStudioVersion = 10.0.40219.1
Project("{FAE04EC0-301F-11D3-BF4B-00C04F79EFBC}") = "SpeechRecognitionDemo1", "SpeechRecognitionDemo1\SpeechRecognitionDemo1.csproj", "{CB541C33-E35D-4873-AC78-E98482881ADC}"
EndProject
Global
	GlobalSection(SolutionConfigurationPlatforms) = preSolution
		Debug|Any CPU = Debug|Any CPU
		Release|Any CPU = Release|Any CPU
	EndGlobalSection
	GlobalSection(ProjectConfigurationPlatforms) = postSolution
		{CB541C33-E35D-4873-AC78-E98482881ADC}.Debug|Any CPU.ActiveCfg = Debug|Any CPU
		{CB541C33-E35D-4873-AC78-E98482881ADC}.Debug|Any CPU.Build.0 = Debug|Any CPU
		{CB541C33-E35D-4873-AC78-E98482881ADC}.Release|Any CPU.ActiveCfg = Release|Any CPU
		{CB541C33-E35D-4873-AC78-E98482881ADC}.Release|Any CPU.Build.0 = Release|Any CPU
	EndGlobalSection
	GlobalSection(SolutionProperties) = preSolution
		HideSolutionNode = FALSE
	EndGlobalSection
	GlobalSection(ExtensibilityGlobals) = postSolution
		SolutionGuid = {F5515092-3841-4318-A5DE-9A213BE75924}
	EndGlobalSection
EndGlobal
